
Microsoft Visual Studio Solution File, Format Version 12.00
# Visual Studio Version 17
Project("{2150E333-8FDC-42A3-9474-1A3956D46DE8}") = "CMakePredefinedTargets", "CMakePredefinedTargets", "{F468BF81-6584-3F5B-85B4-83672A730937}"
EndProject
Project("{8BC9CEB8-8B4A-11D0-8D11-00A0C91BC942}") = "CSC8503", "CSC8503\CSC8503.vcxproj", "{545D0BF1-FF47-31D5-A9BF-7F18E0E21BAF}"
	ProjectSection(ProjectDependencies) = postProject
		{74494E63-378F-3977-A335-C8BECCD83B17} = {74494E63-378F-3977-A335-C8BECCD83B17}
		{201DE0DF-3CD1-3F12-B707-A98C0CC286F7} = {201DE0DF-3CD1-3F12-B707-A98C0CC286F7}
		{CF9CF860-D388-3185-B609-E9340122D992} = {CF9CF860-D388-3185-B609-E9340122D992}
		{49729F42-AE9C-3B55-B04A-B36A6F3BB276} = {49729F42-AE9C-3B55-B04A-B36A6F3BB276}
	EndProjectSection
EndProject
Project("{8BC9CEB8-8B4A-11D0-8D11-00A0C91BC942}") = "ALL_BUILD", "ALL_BUILD.vcxproj", "{823C53E3-56EA-3E0D-9E5D-F9A142BF6888}"
	ProjectSection(ProjectDependencies) = postProject
		{545D0BF1-FF47-31D5-A9BF-7F18E0E21BAF} = {545D0BF1-FF47-31D5-A9BF-7F18E0E21BAF}
		{74494E63-378F-3977-A335-C8BECCD83B17} = {74494E63-378F-3977-A335-C8BECCD83B17}
		{201DE0DF-3CD1-3F12-B707-A98C0CC286F7} = {201DE0DF-3CD1-3F12-B707-A98C0CC286F7}
		{CF9CF860-D388-3185-B609-E9340122D992} = {CF9CF860-D388-3185-B609-E9340122D992}
		{49729F42-AE9C-3B55-B04A-B36A6F3BB276} = {49729F42-AE9C-3B55-B04A-B36A6F3BB276}
	EndProjectSection
EndProject
Project("{8BC9CEB8-8B4A-11D0-8D11-00A0C91BC942}") = "CSC8503CoreClasses", "CSC8503CoreClasses\CSC8503CoreClasses.vcxproj", "{74494E63-378F-3977-A335-C8BECCD83B17}"
	ProjectSection(ProjectDependencies) = postProject
		{49729F42-AE9C-3B55-B04A-B36A6F3BB276} = {49729F42-AE9C-3B55-B04A-B36A6F3BB276}
	EndProjectSection
EndProject
Project("{8BC9CEB8-8B4A-11D0-8D11-00A0C91BC942}") = "NCLCoreClasses", "NCLCoreClasses\NCLCoreClasses.vcxproj", "{201DE0DF-3CD1-3F12-B707-A98C0CC286F7}"
	ProjectSection(ProjectDependencies) = postProject
		{49729F42-AE9C-3B55-B04A-B36A6F3BB276} = {49729F42-AE9C-3B55-B04A-B36A6F3BB276}
	EndProjectSection
EndProject
Project("{8BC9CEB8-8B4A-11D0-8D11-00A0C91BC942}") = "OpenGLRendering", "OpenGLRendering\OpenGLRendering.vcxproj", "{CF9CF860-D388-3185-B609-E9340122D992}"
	ProjectSection(ProjectDependencies) = postProject
		{201DE0DF-3CD1-3F12-B707-A98C0CC286F7} = {201DE0DF-3CD1-3F12-B707-A98C0CC286F7}
		{49729F42-AE9C-3B55-B04A-B36A6F3BB276} = {49729F42-AE9C-3B55-B04A-B36A6F3BB276}
	EndProjectSection
EndProject
Project("{8BC9CEB8-8B4A-11D0-8D11-00A0C91BC942}") = "ZERO_CHECK", "ZERO_CHECK.vcxproj", "{49729F42-AE9C-3B55-B04A-B36A6F3BB276}"
	ProjectSection(ProjectDependencies) = postProject
	EndProjectSection
EndProject
Global
	GlobalSection(SolutionConfigurationPlatforms) = preSolution
		Debug|x64 = Debug|x64
		Release|x64 = Release|x64
	EndGlobalSection
	GlobalSection(ProjectConfigurationPlatforms) = postSolution
		{545D0BF1-FF47-31D5-A9BF-7F18E0E21BAF}.Debug|x64.ActiveCfg = Debug|x64
		{545D0BF1-FF47-31D5-A9BF-7F18E0E21BAF}.Debug|x64.Build.0 = Debug|x64
		{545D0BF1-FF47-31D5-A9BF-7F18E0E21BAF}.Release|x64.ActiveCfg = Release|x64
		{545D0BF1-FF47-31D5-A9BF-7F18E0E21BAF}.Release|x64.Build.0 = Release|x64
		{823C53E3-56EA-3E0D-9E5D-F9A142BF6888}.Debug|x64.ActiveCfg = Debug|x64
		{823C53E3-56EA-3E0D-9E5D-F9A142BF6888}.Release|x64.ActiveCfg = Release|x64
		{74494E63-378F-3977-A335-C8BECCD83B17}.Debug|x64.ActiveCfg = Debug|x64
		{74494E63-378F-3977-A335-C8BECCD83B17}.Debug|x64.Build.0 = Debug|x64
		{74494E63-378F-3977-A335-C8BECCD83B17}.Release|x64.ActiveCfg = Release|x64
		{74494E63-378F-3977-A335-C8BECCD83B17}.Release|x64.Build.0 = Release|x64
		{201DE0DF-3CD1-3F12-B707-A98C0CC286F7}.Debug|x64.ActiveCfg = Debug|x64
		{201DE0DF-3CD1-3F12-B707-A98C0CC286F7}.Debug|x64.Build.0 = Debug|x64
		{201DE0DF-3CD1-3F12-B707-A98C0CC286F7}.Release|x64.ActiveCfg = Release|x64
		{201DE0DF-3CD1-3F12-B707-A98C0CC286F7}.Release|x64.Build.0 = Release|x64
		{CF9CF860-D388-3185-B609-E9340122D992}.Debug|x64.ActiveCfg = Debug|x64
		{CF9CF860-D388-3185-B609-E9340122D992}.Debug|x64.Build.0 = Debug|x64
		{CF9CF860-D388-3185-B609-E9340122D992}.Release|x64.ActiveCfg = Release|x64
		{CF9CF860-D388-3185-B609-E9340122D992}.Release|x64.Build.0 = Release|x64
		{49729F42-AE9C-3B55-B04A-B36A6F3BB276}.Debug|x64.ActiveCfg = Debug|x64
		{49729F42-AE9C-3B55-B04A-B36A6F3BB276}.Debug|x64.Build.0 = Debug|x64
		{49729F42-AE9C-3B55-B04A-B36A6F3BB276}.Release|x64.ActiveCfg = Release|x64
		{49729F42-AE9C-3B55-B04A-B36A6F3BB276}.Release|x64.Build.0 = Release|x64
	EndGlobalSection
	GlobalSection(NestedProjects) = preSolution
		{823C53E3-56EA-3E0D-9E5D-F9A142BF6888} = {F468BF81-6584-3F5B-85B4-83672A730937}
		{49729F42-AE9C-3B55-B04A-B36A6F3BB276} = {F468BF81-6584-3F5B-85B4-83672A730937}
	EndGlobalSection
	GlobalSection(ExtensibilityGlobals) = postSolution
		SolutionGuid = {4F1B4CDE-1674-3B6A-90A8-A3EB3FFEDF7C}
	EndGlobalSection
	GlobalSection(ExtensibilityAddIns) = postSolution
	EndGlobalSection
EndGlobal
